// !$*UTF8*$!
{
	archiveVersion = 1;
	classes = {
	};
	objectVersion = 56;
	objects = {

/* Begin PBXBuildFile section */
		597E635D2B3B2FCB002F5788 /* PokedexApp.swift in Sources */ = {isa = PBXBuildFile; fileRef = 597E635C2B3B2FCB002F5788 /* PokedexApp.swift */; };
		597E635F2B3B2FCB002F5788 /* ContentView.swift in Sources */ = {isa = PBXBuildFile; fileRef = 597E635E2B3B2FCB002F5788 /* ContentView.swift */; };
		597E63612B3B2FCE002F5788 /* Assets.xcassets in Resources */ = {isa = PBXBuildFile; fileRef = 597E63602B3B2FCE002F5788 /* Assets.xcassets */; };
		597E63642B3B2FCE002F5788 /* Preview Assets.xcassets in Resources */ = {isa = PBXBuildFile; fileRef = 597E63632B3B2FCE002F5788 /* Preview Assets.xcassets */; };
		597E636B2B3B2FDF002F5788 /* HomeView.swift in Sources */ = {isa = PBXBuildFile; fileRef = 597E636A2B3B2FDF002F5788 /* HomeView.swift */; };
		597E636F2B3B305A002F5788 /* Pokemon.swift in Sources */ = {isa = PBXBuildFile; fileRef = 597E636E2B3B305A002F5788 /* Pokemon.swift */; };
		597E63712B3B320B002F5788 /* Pokedex.json in Resources */ = {isa = PBXBuildFile; fileRef = 597E63702B3B320A002F5788 /* Pokedex.json */; };
		59994DF12B3DDE7C005522A9 /* ImageCache.swift in Sources */ = {isa = PBXBuildFile; fileRef = 59994DF02B3DDE7C005522A9 /* ImageCache.swift */; };
		59994DF32B3DDEBC005522A9 /* RemoteImage.swift in Sources */ = {isa = PBXBuildFile; fileRef = 59994DF22B3DDEBC005522A9 /* RemoteImage.swift */; };
		59994DF52B3DDF0B005522A9 /* HomeListView.swift in Sources */ = {isa = PBXBuildFile; fileRef = 59994DF42B3DDF0B005522A9 /* HomeListView.swift */; };
		59D12D032B3BCFA2002AD9BC /* PokemonDetailView.swift in Sources */ = {isa = PBXBuildFile; fileRef = 59D12D022B3BCFA2002AD9BC /* PokemonDetailView.swift */; };
/* End PBXBuildFile section */

/* Begin PBXFileReference section */
		597E63592B3B2FCB002F5788 /* Pokedex.app */ = {isa = PBXFileReference; explicitFileType = wrapper.application; includeInIndex = 0; path = Pokedex.app; sourceTree = BUILT_PRODUCTS_DIR; };
		597E635C2B3B2FCB002F5788 /* PokedexApp.swift */ = {isa = PBXFileReference; lastKnownFileType = sourcecode.swift; path = PokedexApp.swift; sourceTree = "<group>"; };
		597E635E2B3B2FCB002F5788 /* ContentView.swift */ = {isa = PBXFileReference; lastKnownFileType = sourcecode.swift; path = ContentView.swift; sourceTree = "<group>"; };
		597E63602B3B2FCE002F5788 /* Assets.xcassets */ = {isa = PBXFileReference; lastKnownFileType = folder.assetcatalog; path = Assets.xcassets; sourceTree = "<group>"; };
		597E63632B3B2FCE002F5788 /* Preview Assets.xcassets */ = {isa = PBXFileReference; lastKnownFileType = folder.assetcatalog; path = "Preview Assets.xcassets"; sourceTree = "<group>"; };
		597E636A2B3B2FDF002F5788 /* HomeView.swift */ = {isa = PBXFileReference; lastKnownFileType = sourcecode.swift; path = HomeView.swift; sourceTree = "<group>"; };
		597E636E2B3B305A002F5788 /* Pokemon.swift */ = {isa = PBXFileReference; lastKnownFileType = sourcecode.swift; path = Pokemon.swift; sourceTree = "<group>"; };
		597E63702B3B320A002F5788 /* Pokedex.json */ = {isa = PBXFileReference; fileEncoding = 4; lastKnownFileType = text.json; path = Pokedex.json; sourceTree = "<group>"; };
		59994DF02B3DDE7C005522A9 /* ImageCache.swift */ = {isa = PBXFileReference; lastKnownFileType = sourcecode.swift; path = ImageCache.swift; sourceTree = "<group>"; };
		59994DF22B3DDEBC005522A9 /* RemoteImage.swift */ = {isa = PBXFileReference; lastKnownFileType = sourcecode.swift; path = RemoteImage.swift; sourceTree = "<group>"; };
		59994DF42B3DDF0B005522A9 /* HomeListView.swift */ = {isa = PBXFileReference; lastKnownFileType = sourcecode.swift; path = HomeListView.swift; sourceTree = "<group>"; };
		59D12D022B3BCFA2002AD9BC /* PokemonDetailView.swift */ = {isa = PBXFileReference; lastKnownFileType = sourcecode.swift; path = PokemonDetailView.swift; sourceTree = "<group>"; };
/* End PBXFileReference section */

/* Begin PBXFrameworksBuildPhase section */
		597E63562B3B2FCB002F5788 /* Frameworks */ = {
			isa = PBXFrameworksBuildPhase;
			buildActionMask = 2147483647;
			files = (
			);
			runOnlyForDeploymentPostprocessing = 0;
		};
/* End PBXFrameworksBuildPhase section */

/* Begin PBXGroup section */
		597E63502B3B2FCB002F5788 = {
			isa = PBXGroup;
			children = (
				597E635B2B3B2FCB002F5788 /* Pokedex */,
				597E635A2B3B2FCB002F5788 /* Products */,
			);
			sourceTree = "<group>";
		};
		597E635A2B3B2FCB002F5788 /* Products */ = {
			isa = PBXGroup;
			children = (
				597E63592B3B2FCB002F5788 /* Pokedex.app */,
			);
			name = Products;
			sourceTree = "<group>";
		};
		597E635B2B3B2FCB002F5788 /* Pokedex */ = {
			isa = PBXGroup;
			children = (
				59994DF62B3DEFDD005522A9 /* Resources */,
				597E635C2B3B2FCB002F5788 /* PokedexApp.swift */,
				59994DEF2B3DDE6A005522A9 /* Utilities */,
				597E636D2B3B3051002F5788 /* Model */,
				597E636C2B3B3048002F5788 /* Views */,
				597E63602B3B2FCE002F5788 /* Assets.xcassets */,
				597E63622B3B2FCE002F5788 /* Preview Content */,
			);
			path = Pokedex;
			sourceTree = "<group>";
		};
		597E63622B3B2FCE002F5788 /* Preview Content */ = {
			isa = PBXGroup;
			children = (
				597E63632B3B2FCE002F5788 /* Preview Assets.xcassets */,
			);
			path = "Preview Content";
			sourceTree = "<group>";
		};
		597E636C2B3B3048002F5788 /* Views */ = {
			isa = PBXGroup;
			children = (
				597E635E2B3B2FCB002F5788 /* ContentView.swift */,
				597E636A2B3B2FDF002F5788 /* HomeView.swift */,
				59994DF42B3DDF0B005522A9 /* HomeListView.swift */,
				59D12D022B3BCFA2002AD9BC /* PokemonDetailView.swift */,
			);
			path = Views;
			sourceTree = "<group>";
		};
		597E636D2B3B3051002F5788 /* Model */ = {
			isa = PBXGroup;
			children = (
				597E636E2B3B305A002F5788 /* Pokemon.swift */,
			);
			path = Model;
			sourceTree = "<group>";
		};
		59994DEF2B3DDE6A005522A9 /* Utilities */ = {
			isa = PBXGroup;
			children = (
				59994DF02B3DDE7C005522A9 /* ImageCache.swift */,
				59994DF22B3DDEBC005522A9 /* RemoteImage.swift */,
			);
			path = Utilities;
			sourceTree = "<group>";
		};
		59994DF62B3DEFDD005522A9 /* Resources */ = {
			isa = PBXGroup;
			children = (
				597E63702B3B320A002F5788 /* Pokedex.json */,
			);
			path = Resources;
			sourceTree = "<group>";
		};
/* End PBXGroup section */

/* Begin PBXNativeTarget section */
		597E63582B3B2FCB002F5788 /* Pokedex */ = {
			isa = PBXNativeTarget;
			buildConfigurationList = 597E63672B3B2FCE002F5788 /* Build configuration list for PBXNativeTarget "Pokedex" */;
			buildPhases = (
				597E63552B3B2FCB002F5788 /* Sources */,
				597E63562B3B2FCB002F5788 /* Frameworks */,
				597E63572B3B2FCB002F5788 /* Resources */,
			);
			buildRules = (
			);
			dependencies = (
			);
			name = Pokedex;
			productName = Pokedex;
			productReference = 597E63592B3B2FCB002F5788 /* Pokedex.app */;
			productType = "com.apple.product-type.application";
		};
/* End PBXNativeTarget section */

/* Begin PBXProject section */
		597E63512B3B2FCB002F5788 /* Project object */ = {
			isa = PBXProject;
			attributes = {
				BuildIndependentTargetsInParallel = 1;
				LastSwiftUpdateCheck = 1420;
				LastUpgradeCheck = 1420;
				TargetAttributes = {
					597E63582B3B2FCB002F5788 = {
						CreatedOnToolsVersion = 14.2;
					};
				};
			};
			buildConfigurationList = 597E63542B3B2FCB002F5788 /* Build configuration list for PBXProject "Pokedex" */;
			compatibilityVersion = "Xcode 14.0";
			developmentRegion = en;
			hasScannedForEncodings = 0;
			knownRegions = (
				en,
				Base,
			);
			mainGroup = 597E63502B3B2FCB002F5788;
			productRefGroup = 597E635A2B3B2FCB002F5788 /* Products */;
			projectDirPath = "";
			projectRoot = "";
			targets = (
				597E63582B3B2FCB002F5788 /* Pokedex */,
			);
		};
/* End PBXProject section */

/* Begin PBXResourcesBuildPhase section */
		597E63572B3B2FCB002F5788 /* Resources */ = {
			isa = PBXResourcesBuildPhase;
			buildActionMask = 2147483647;
			files = (
				597E63712B3B320B002F5788 /* Pokedex.json in Resources */,
				597E63642B3B2FCE002F5788 /* Preview Assets.xcassets in Resources */,
				597E63612B3B2FCE002F5788 /* Assets.xcassets in Resources */,
			);
			runOnlyForDeploymentPostprocessing = 0;
		};
/* End PBXResourcesBuildPhase section */

/* Begin PBXSourcesBuildPhase section */
		597E63552B3B2FCB002F5788 /* Sources */ = {
			isa = PBXSourcesBuildPhase;
			buildActionMask = 2147483647;
			files = (
				59994DF12B3DDE7C005522A9 /* ImageCache.swift in Sources */,
				597E636B2B3B2FDF002F5788 /* HomeView.swift in Sources */,
				59994DF32B3DDEBC005522A9 /* RemoteImage.swift in Sources */,
				59D12D032B3BCFA2002AD9BC /* PokemonDetailView.swift in Sources */,
				597E636F2B3B305A002F5788 /* Pokemon.swift in Sources */,
				59994DF52B3DDF0B005522A9 /* HomeListView.swift in Sources */,
				597E635F2B3B2FCB002F5788 /* ContentView.swift in Sources */,
				597E635D2B3B2FCB002F5788 /* PokedexApp.swift in Sources */,
			);
			runOnlyForDeploymentPostprocessing = 0;
		};
/* End PBXSourcesBuildPhase section */

/* Begin XCBuildConfiguration section */
		597E63652B3B2FCE002F5788 /* Debug */ = {
			isa = XCBuildConfiguration;
			buildSettings = {
				ALWAYS_SEARCH_USER_PATHS = NO;
				CLANG_ANALYZER_NONNULL = YES;
				CLANG_ANALYZER_NUMBER_OBJECT_CONVERSION = YES_AGGRESSIVE;
				CLANG_CXX_LANGUAGE_STANDARD = "gnu++20";
				CLANG_ENABLE_MODULES = YES;
				CLANG_ENABLE_OBJC_ARC = YES;
				CLANG_ENABLE_OBJC_WEAK = YES;
				CLANG_WARN_BLOCK_CAPTURE_AUTORELEASING = YES;
				CLANG_WARN_BOOL_CONVERSION = YES;
				CLANG_WARN_COMMA = YES;
				CLANG_WARN_CONSTANT_CONVERSION = YES;
				CLANG_WARN_DEPRECATED_OBJC_IMPLEMENTATIONS = YES;
				CLANG_WARN_DIRECT_OBJC_ISA_USAGE = YES_ERROR;
				CLANG_WARN_DOCUMENTATION_COMMENTS = YES;
				CLANG_WARN_EMPTY_BODY = YES;
				CLANG_WARN_ENUM_CONVERSION = YES;
				CLANG_WARN_INFINITE_RECURSION = YES;
				CLANG_WARN_INT_CONVERSION = YES;
				CLANG_WARN_NON_LITERAL_NULL_CONVERSION = YES;
				CLANG_WARN_OBJC_IMPLICIT_RETAIN_SELF = YES;
				CLANG_WARN_OBJC_LITERAL_CONVERSION = YES;
				CLANG_WARN_OBJC_ROOT_CLASS = YES_ERROR;
				CLANG_WARN_QUOTED_INCLUDE_IN_FRAMEWORK_HEADER = YES;
				CLANG_WARN_RANGE_LOOP_ANALYSIS = YES;
				CLANG_WARN_STRICT_PROTOTYPES = YES;
				CLANG_WARN_SUSPICIOUS_MOVE = YES;
				CLANG_WARN_UNGUARDED_AVAILABILITY = YES_AGGRESSIVE;
				CLANG_WARN_UNREACHABLE_CODE = YES;
				CLANG_WARN__DUPLICATE_METHOD_MATCH = YES;
				COPY_PHASE_STRIP = NO;
				DEBUG_INFORMATION_FORMAT = dwarf;
				ENABLE_STRICT_OBJC_MSGSEND = YES;
				ENABLE_TESTABILITY = YES;
				GCC_C_LANGUAGE_STANDARD = gnu11;
				GCC_DYNAMIC_NO_PIC = NO;
				GCC_NO_COMMON_BLOCKS = YES;
				GCC_OPTIMIZATION_LEVEL = 0;
				GCC_PREPROCESSOR_DEFINITIONS = (
					"DEBUG=1",
					"$(inherited)",
				);
				GCC_WARN_64_TO_32_BIT_CONVERSION = YES;
				GCC_WARN_ABOUT_RETURN_TYPE = YES_ERROR;
				GCC_WARN_UNDECLARED_SELECTOR = YES;
				GCC_WARN_UNINITIALIZED_AUTOS = YES_AGGRESSIVE;
				GCC_WARN_UNUSED_FUNCTION = YES;
				GCC_WARN_UNUSED_VARIABLE = YES;
				IPHONEOS_DEPLOYMENT_TARGET = 16.2;
				MTL_ENABLE_DEBUG_INFO = INCLUDE_SOURCE;
				MTL_FAST_MATH = YES;
				ONLY_ACTIVE_ARCH = YES;
				SDKROOT = iphoneos;
				SWIFT_ACTIVE_COMPILATION_CONDITIONS = DEBUG;
				SWIFT_OPTIMIZATION_LEVEL = "-Onone";
			};
			name = Debug;
		};
		597E63662B3B2FCE002F5788 /* Release */ = {
			isa = XCBuildConfiguration;
			buildSettings = {
				ALWAYS_SEARCH_USER_PATHS = NO;
				CLANG_ANALYZER_NONNULL = YES;
				CLANG_ANALYZER_NUMBER_OBJECT_CONVERSION = YES_AGGRESSIVE;
				CLANG_CXX_LANGUAGE_STANDARD = "gnu++20";
				CLANG_ENABLE_MODULES = YES;
				CLANG_ENABLE_OBJC_ARC = YES;
				CLANG_ENABLE_OBJC_WEAK = YES;
				CLANG_WARN_BLOCK_CAPTURE_AUTORELEASING = YES;
				CLANG_WARN_BOOL_CONVERSION = YES;
				CLANG_WARN_COMMA = YES;
				CLANG_WARN_CONSTANT_CONVERSION = YES;
				CLANG_WARN_DEPRECATED_OBJC_IMPLEMENTATIONS = YES;
				CLANG_WARN_DIRECT_OBJC_ISA_USAGE = YES_ERROR;
				CLANG_WARN_DOCUMENTATION_COMMENTS = YES;
				CLANG_WARN_EMPTY_BODY = YES;
				CLANG_WARN_ENUM_CONVERSION = YES;
				CLANG_WARN_INFINITE_RECURSION = YES;
				CLANG_WARN_INT_CONVERSION = YES;
				CLANG_WARN_NON_LITERAL_NULL_CONVERSION = YES;
				CLANG_WARN_OBJC_IMPLICIT_RETAIN_SELF = YES;
				CLANG_WARN_OBJC_LITERAL_CONVERSION = YES;
				CLANG_WARN_OBJC_ROOT_CLASS = YES_ERROR;
				CLANG_WARN_QUOTED_INCLUDE_IN_FRAMEWORK_HEADER = YES;
				CLANG_WARN_RANGE_LOOP_ANALYSIS = YES;
				CLANG_WARN_STRICT_PROTOTYPES = YES;
				CLANG_WARN_SUSPICIOUS_MOVE = YES;
				CLANG_WARN_UNGUARDED_AVAILABILITY = YES_AGGRESSIVE;
				CLANG_WARN_UNREACHABLE_CODE = YES;
				CLANG_WARN__DUPLICATE_METHOD_MATCH = YES;
				COPY_PHASE_STRIP = NO;
				DEBUG_INFORMATION_FORMAT = "dwarf-with-dsym";
				ENABLE_NS_ASSERTIONS = NO;
				ENABLE_STRICT_OBJC_MSGSEND = YES;
				GCC_C_LANGUAGE_STANDARD = gnu11;
				GCC_NO_COMMON_BLOCKS = YES;
				GCC_WARN_64_TO_32_BIT_CONVERSION = YES;
				GCC_WARN_ABOUT_RETURN_TYPE = YES_ERROR;
				GCC_WARN_UNDECLARED_SELECTOR = YES;
				GCC_WARN_UNINITIALIZED_AUTOS = YES_AGGRESSIVE;
				GCC_WARN_UNUSED_FUNCTION = YES;
				GCC_WARN_UNUSED_VARIABLE = YES;
				IPHONEOS_DEPLOYMENT_TARGET = 16.2;
				MTL_ENABLE_DEBUG_INFO = NO;
				MTL_FAST_MATH = YES;
				SDKROOT = iphoneos;
				SWIFT_COMPILATION_MODE = wholemodule;
				SWIFT_OPTIMIZATION_LEVEL = "-O";
				VALIDATE_PRODUCT = YES;
			};
			name = Release;
		};
		597E63682B3B2FCE002F5788 /* Debug */ = {
			isa = XCBuildConfiguration;
			buildSettings = {
				ASSETCATALOG_COMPILER_APPICON_NAME = AppIcon;
				ASSETCATALOG_COMPILER_GLOBAL_ACCENT_COLOR_NAME = AccentColor;
				CODE_SIGN_STYLE = Automatic;
				CURRENT_PROJECT_VERSION = 1;
				DEVELOPMENT_ASSET_PATHS = "\"Pokedex/Preview Content\"";
				ENABLE_PREVIEWS = YES;
				GENERATE_INFOPLIST_FILE = YES;
				INFOPLIST_KEY_UIApplicationSceneManifest_Generation = YES;
				INFOPLIST_KEY_UIApplicationSupportsIndirectInputEvents = YES;
				INFOPLIST_KEY_UILaunchScreen_Generation = YES;
				INFOPLIST_KEY_UISupportedInterfaceOrientations_iPad = "UIInterfaceOrientationPortrait UIInterfaceOrientationPortraitUpsideDown UIInterfaceOrientationLandscapeLeft UIInterfaceOrientationLandscapeRight";
				INFOPLIST_KEY_UISupportedInterfaceOrientations_iPhone = "UIInterfaceOrientationPortrait UIInterfaceOrientationLandscapeLeft UIInterfaceOrientationLandscapeRight";
				LD_RUNPATH_SEARCH_PATHS = (
					"$(inherited)",
					"@executable_path/Frameworks",
				);
				MARKETING_VERSION = 1.0;
				PRODUCT_BUNDLE_IDENTIFIER = abhishek.nagu.Pokedex;
				PRODUCT_NAME = "$(TARGET_NAME)";
				SWIFT_EMIT_LOC_STRINGS = YES;
				SWIFT_VERSION = 5.0;
				TARGETED_DEVICE_FAMILY = "1,2";
			};
			name = Debug;
		};
		597E63692B3B2FCE002F5788 /* Release */ = {
			isa = XCBuildConfiguration;
			buildSettings = {
				ASSETCATALOG_COMPILER_APPICON_NAME = AppIcon;
				ASSETCATALOG_COMPILER_GLOBAL_ACCENT_COLOR_NAME = AccentColor;
				CODE_SIGN_STYLE = Automatic;
				CURRENT_PROJECT_VERSION = 1;
				DEVELOPMENT_ASSET_PATHS = "\"Pokedex/Preview Content\"";
				ENABLE_PREVIEWS = YES;
				GENERATE_INFOPLIST_FILE = YES;
				INFOPLIST_KEY_UIApplicationSceneManifest_Generation = YES;
				INFOPLIST_KEY_UIApplicationSupportsIndirectInputEvents = YES;
				INFOPLIST_KEY_UILaunchScreen_Generation = YES;
				INFOPLIST_KEY_UISupportedInterfaceOrientations_iPad = "UIInterfaceOrientationPortrait UIInterfaceOrientationPortraitUpsideDown UIInterfaceOrientationLandscapeLeft UIInterfaceOrientationLandscapeRight";
				INFOPLIST_KEY_UISupportedInterfaceOrientations_iPhone = "UIInterfaceOrientationPortrait UIInterfaceOrientationLandscapeLeft UIInterfaceOrientationLandscapeRight";
				LD_RUNPATH_SEARCH_PATHS = (
					"$(inherited)",
					"@executable_path/Frameworks",
				);
				MARKETING_VERSION = 1.0;
				PRODUCT_BUNDLE_IDENTIFIER = abhishek.nagu.Pokedex;
				PRODUCT_NAME = "$(TARGET_NAME)";
				SWIFT_EMIT_LOC_STRINGS = YES;
				SWIFT_VERSION = 5.0;
				TARGETED_DEVICE_FAMILY = "1,2";
			};
			name = Release;
		};
/* End XCBuildConfiguration section */

/* Begin XCConfigurationList section */
		597E63542B3B2FCB002F5788 /* Build configuration list for PBXProject "Pokedex" */ = {
			isa = XCConfigurationList;
			buildConfigurations = (
				597E63652B3B2FCE002F5788 /* Debug */,
				597E63662B3B2FCE002F5788 /* Release */,
			);
			defaultConfigurationIsVisible = 0;
			defaultConfigurationName = Release;
		};
		597E63672B3B2FCE002F5788 /* Build configuration list for PBXNativeTarget "Pokedex" */ = {
			isa = XCConfigurationList;
			buildConfigurations = (
				597E63682B3B2FCE002F5788 /* Debug */,
				597E63692B3B2FCE002F5788 /* Release */,
			);
			defaultConfigurationIsVisible = 0;
			defaultConfigurationName = Release;
		};
/* End XCConfigurationList section */
	};
	rootObject = 597E63512B3B2FCB002F5788 /* Project object */;
}
